
Microsoft Visual Studio Solution File, Format Version 12.00
# Visual Studio 2013
VisualStudioVersion = 12.0.40629.0
MinimumVisualStudioVersion = 10.0.40219.1
Project("{FAE04EC0-301F-11D3-BF4B-00C04F79EFBC}") = "Problem30", "Problem30\Problem30.csproj", "{45ADD7D0-CFB0-400A-8D06-14C3B2FE88CA}"
EndProject
Global
	GlobalSection(SolutionConfigurationPlatforms) = preSolution
		Debug|Any CPU = Debug|Any CPU
		Release|Any CPU = Release|Any CPU
	EndGlobalSection
	GlobalSection(ProjectConfigurationPlatforms) = postSolution
		{45ADD7D0-CFB0-400A-8D06-14C3B2FE88CA}.Debug|Any CPU.ActiveCfg = Debug|Any CPU
		{45ADD7D0-CFB0-400A-8D06-14C3B2FE88CA}.Debug|Any CPU.Build.0 = Debug|Any CPU
		{45ADD7D0-CFB0-400A-8D06-14C3B2FE88CA}.Release|Any CPU.ActiveCfg = Release|Any CPU
		{45ADD7D0-CFB0-400A-8D06-14C3B2FE88CA}.Release|Any CPU.Build.0 = Release|Any CPU
	EndGlobalSection
	GlobalSection(SolutionProperties) = preSolution
		HideSolutionNode = FALSE
	EndGlobalSection
EndGlobal
